Microsoft Visual Studio Solution File, Format Version 11.00
# Visual Studio 2008

Project("{D1F6D4AC-DC1C-D4DA-1BAF-BF486A25A3D9}") = "Dadishu", "Assembly-CSharp-firstpass.csproj", "{21409C0F-EDFF-3853-6486-420E7E458BD3}"
EndProject
Project("{D1F6D4AC-DC1C-D4DA-1BAF-BF486A25A3D9}") = "Dadishu", "Assembly-CSharp.csproj", "{F0BDCADF-107A-825A-DBFB-70780B74F660}"
EndProject
Project("{D1F6D4AC-DC1C-D4DA-1BAF-BF486A25A3D9}") = "Dadishu", "Assembly-CSharp-Editor-firstpass.csproj", "{55A3D492-1A09-E57C-C97B-9EA8C8D4EC1C}"
EndProject
Global
	GlobalSection(SolutionConfigurationPlatforms) = preSolution
		Debug|Any CPU = Debug|Any CPU
		Release|Any CPU = Release|Any CPU
	EndGlobalSection
	GlobalSection(ProjectConfigurationPlatforms) = postSolution
		{21409C0F-EDFF-3853-6486-420E7E458BD3}.Debug|Any CPU.ActiveCfg = Debug|Any CPU
		{21409C0F-EDFF-3853-6486-420E7E458BD3}.Debug|Any CPU.Build.0 = Debug|Any CPU
		{21409C0F-EDFF-3853-6486-420E7E458BD3}.Release|Any CPU.ActiveCfg = Release|Any CPU
		{21409C0F-EDFF-3853-6486-420E7E458BD3}.Release|Any CPU.Build.0 = Release|Any CPU
		{F0BDCADF-107A-825A-DBFB-70780B74F660}.Debug|Any CPU.ActiveCfg = Debug|Any CPU
		{F0BDCADF-107A-825A-DBFB-70780B74F660}.Debug|Any CPU.Build.0 = Debug|Any CPU
		{F0BDCADF-107A-825A-DBFB-70780B74F660}.Release|Any CPU.ActiveCfg = Release|Any CPU
		{F0BDCADF-107A-825A-DBFB-70780B74F660}.Release|Any CPU.Build.0 = Release|Any CPU
		{55A3D492-1A09-E57C-C97B-9EA8C8D4EC1C}.Debug|Any CPU.ActiveCfg = Debug|Any CPU
		{55A3D492-1A09-E57C-C97B-9EA8C8D4EC1C}.Debug|Any CPU.Build.0 = Debug|Any CPU
		{55A3D492-1A09-E57C-C97B-9EA8C8D4EC1C}.Release|Any CPU.ActiveCfg = Release|Any CPU
		{55A3D492-1A09-E57C-C97B-9EA8C8D4EC1C}.Release|Any CPU.Build.0 = Release|Any CPU
	EndGlobalSection
	GlobalSection(SolutionProperties) = preSolution
		HideSolutionNode = FALSE
	EndGlobalSection
																					GlobalSection(MonoDevelopProperties) = preSolution
		StartupItem = Assembly-CSharp.csproj
		Policies = $0
		$0.TextStylePolicy = $1
		$1.inheritsSet = null
		$1.scope = text/x-csharp
		$0.CSharpFormattingPolicy = $2
		$2.inheritsSet = Mono
		$2.inheritsScope = text/x-csharp
		$2.scope = text/x-csharp
		$0.TextStylePolicy = $3
		$3.FileWidth = 120
		$3.TabWidth = 4
		$3.IndentWidth = 4
		$3.EolMarker = Unix
		$3.inheritsSet = Mono
		$3.inheritsScope = text/plain
		$3.scope = text/plain
	EndGlobalSection

EndGlobal
