
Microsoft Visual Studio Solution File, Format Version 12.00
# Visual Studio 2013
Project("{FAE04EC0-301F-11D3-BF4B-00C04F79EFBC}") = "UnityVS.Dadishu3.4.CSharp.Plugins", "UnityVS.Dadishu3.4.CSharp.Plugins.csproj", "{2FB13D4C-467A-F2FB-98B2-3D65EF95A66C}"
EndProject
Project("{FAE04EC0-301F-11D3-BF4B-00C04F79EFBC}") = "UnityVS.Dadishu3.4.CSharp", "UnityVS.Dadishu3.4.CSharp.csproj", "{E6CB48E6-F0D0-AD57-35B7-565BEAC9D65F}"
EndProject
Project("{FAE04EC0-301F-11D3-BF4B-00C04F79EFBC}") = "UnityVS.Dadishu3.4.CSharp.Editor.Plugins", "UnityVS.Dadishu3.4.CSharp.Editor.Plugins.csproj", "{35ABC54B-410B-189F-72DA-0161C0A54A0B}"
EndProject
Global
	GlobalSection(SolutionConfigurationPlatforms) = preSolution
		Debug|Any CPU = Debug|Any CPU
		Release|Any CPU = Release|Any CPU
	EndGlobalSection
	GlobalSection(ProjectConfigurationPlatforms) = postSolution
		{2FB13D4C-467A-F2FB-98B2-3D65EF95A66C}.Debug|Any CPU.ActiveCfg = Debug|Any CPU
		{2FB13D4C-467A-F2FB-98B2-3D65EF95A66C}.Debug|Any CPU.Build.0 = Debug|Any CPU
		{2FB13D4C-467A-F2FB-98B2-3D65EF95A66C}.Release|Any CPU.ActiveCfg = Release|Any CPU
		{2FB13D4C-467A-F2FB-98B2-3D65EF95A66C}.Release|Any CPU.Build.0 = Release|Any CPU
		{E6CB48E6-F0D0-AD57-35B7-565BEAC9D65F}.Debug|Any CPU.ActiveCfg = Debug|Any CPU
		{E6CB48E6-F0D0-AD57-35B7-565BEAC9D65F}.Debug|Any CPU.Build.0 = Debug|Any CPU
		{E6CB48E6-F0D0-AD57-35B7-565BEAC9D65F}.Release|Any CPU.ActiveCfg = Release|Any CPU
		{E6CB48E6-F0D0-AD57-35B7-565BEAC9D65F}.Release|Any CPU.Build.0 = Release|Any CPU
		{35ABC54B-410B-189F-72DA-0161C0A54A0B}.Debug|Any CPU.ActiveCfg = Debug|Any CPU
		{35ABC54B-410B-189F-72DA-0161C0A54A0B}.Debug|Any CPU.Build.0 = Debug|Any CPU
		{35ABC54B-410B-189F-72DA-0161C0A54A0B}.Release|Any CPU.ActiveCfg = Release|Any CPU
		{35ABC54B-410B-189F-72DA-0161C0A54A0B}.Release|Any CPU.Build.0 = Release|Any CPU
	EndGlobalSection
	GlobalSection(SolutionProperties) = preSolution
		HideSolutionNode = FALSE
	EndGlobalSection
EndGlobal
